
Microsoft Visual Studio Solution File, Format Version 12.00
# Visual Studio Version 17
VisualStudioVersion = 17.7.34024.191
MinimumVisualStudioVersion = 10.0.40219.1
Project("{8BC9CEB8-8B4A-11D0-8D11-00A0C91BC942}") = "OOP Term Projecect", "OOP Term Projecect\OOP Term Projecect.vcxproj", "{3AA28E94-0704-43C4-896F-732478EDE70D}"
EndProject
Global
	GlobalSection(SolutionConfigurationPlatforms) = preSolution
		Debug|x64 = Debug|x64
		Debug|x86 = Debug|x86
		Release|x64 = Release|x64
		Release|x86 = Release|x86
	EndGlobalSection
	GlobalSection(ProjectConfigurationPlatforms) = postSolution
		{3AA28E94-0704-43C4-896F-732478EDE70D}.Debug|x64.ActiveCfg = Debug|x64
		{3AA28E94-0704-43C4-896F-732478EDE70D}.Debug|x64.Build.0 = Debug|x64
		{3AA28E94-0704-43C4-896F-732478EDE70D}.Debug|x86.ActiveCfg = Debug|Win32
		{3AA28E94-0704-43C4-896F-732478EDE70D}.Debug|x86.Build.0 = Debug|Win32
		{3AA28E94-0704-43C4-896F-732478EDE70D}.Release|x64.ActiveCfg = Release|x64
		{3AA28E94-0704-43C4-896F-732478EDE70D}.Release|x64.Build.0 = Release|x64
		{3AA28E94-0704-43C4-896F-732478EDE70D}.Release|x86.ActiveCfg = Release|Win32
		{3AA28E94-0704-43C4-896F-732478EDE70D}.Release|x86.Build.0 = Release|Win32
	EndGlobalSection
	GlobalSection(SolutionProperties) = preSolution
		HideSolutionNode = FALSE
	EndGlobalSection
	GlobalSection(ExtensibilityGlobals) = postSolution
		SolutionGuid = {DF001A00-BA95-4663-BBBF-E27709053D97}
	EndGlobalSection
EndGlobal
